
Microsoft Visual Studio Solution File, Format Version 12.00
# Visual Studio Version 17
VisualStudioVersion = 17.4.33213.308
MinimumVisualStudioVersion = 10.0.40219.1
Project("{FAE04EC0-301F-11D3-BF4B-00C04F79EFBC}") = "ManagementSystemProject", "ManagementSystemProject\ManagementSystemProject.csproj", "{E9BB29BD-D91A-4487-BA28-2DA64394BFBD}"
EndProject
Global
	GlobalSection(SolutionConfigurationPlatforms) = preSolution
		Debug|Any CPU = Debug|Any CPU
		Release|Any CPU = Release|Any CPU
	EndGlobalSection
	GlobalSection(ProjectConfigurationPlatforms) = postSolution
		{E9BB29BD-D91A-4487-BA28-2DA64394BFBD}.Debug|Any CPU.ActiveCfg = Debug|Any CPU
		{E9BB29BD-D91A-4487-BA28-2DA64394BFBD}.Debug|Any CPU.Build.0 = Debug|Any CPU
		{E9BB29BD-D91A-4487-BA28-2DA64394BFBD}.Release|Any CPU.ActiveCfg = Release|Any CPU
		{E9BB29BD-D91A-4487-BA28-2DA64394BFBD}.Release|Any CPU.Build.0 = Release|Any CPU
	EndGlobalSection
	GlobalSection(SolutionProperties) = preSolution
		HideSolutionNode = FALSE
	EndGlobalSection
	GlobalSection(ExtensibilityGlobals) = postSolution
		SolutionGuid = {AD23D3FC-C6D7-4374-84E8-7BB4BEBCBC9C}
	EndGlobalSection
EndGlobal
